
Microsoft Visual Studio Solution File, Format Version 12.00
# Visual Studio Version 17
VisualStudioVersion = 17.2.32526.322
MinimumVisualStudioVersion = 10.0.40219.1
Project("{FAE04EC0-301F-11D3-BF4B-00C04F79EFBC}") = "OpCacheWithSqlDependency", "OpCacheWithSqlDependency\OpCacheWithSqlDependency.csproj", "{4469280A-8E73-4A58-9FEE-B15982D3E52D}"
EndProject
Global
	GlobalSection(SolutionConfigurationPlatforms) = preSolution
		Debug|Any CPU = Debug|Any CPU
		Release|Any CPU = Release|Any CPU
	EndGlobalSection
	GlobalSection(ProjectConfigurationPlatforms) = postSolution
		{4469280A-8E73-4A58-9FEE-B15982D3E52D}.Debug|Any CPU.ActiveCfg = Debug|Any CPU
		{4469280A-8E73-4A58-9FEE-B15982D3E52D}.Debug|Any CPU.Build.0 = Debug|Any CPU
		{4469280A-8E73-4A58-9FEE-B15982D3E52D}.Release|Any CPU.ActiveCfg = Release|Any CPU
		{4469280A-8E73-4A58-9FEE-B15982D3E52D}.Release|Any CPU.Build.0 = Release|Any CPU
	EndGlobalSection
	GlobalSection(SolutionProperties) = preSolution
		HideSolutionNode = FALSE
	EndGlobalSection
	GlobalSection(ExtensibilityGlobals) = postSolution
		SolutionGuid = {2B7224F2-AE7D-4EEC-A9B6-091F5F48E4CB}
	EndGlobalSection
EndGlobal
